
Microsoft Visual Studio Solution File, Format Version 12.00
# Visual Studio Version 16
VisualStudioVersion = 16.0.30011.22
MinimumVisualStudioVersion = 10.0.40219.1
Project("{D954291E-2A0B-460D-934E-DC6B0785DB48}") = "UnoEF.Shared", "UnoEF\UnoEF.Shared\UnoEF.Shared.shproj", "{6279C845-92F8-4333-AB99-3D213163593C}"
EndProject
Project("{FAE04EC0-301F-11D3-BF4B-00C04F79EFBC}") = "UnoEF.Droid", "UnoEF\UnoEF.Droid\UnoEF.Droid.csproj", "{6B17274C-5E53-44A7-A852-EAADE3BAFD64}"
EndProject
Project("{FAE04EC0-301F-11D3-BF4B-00C04F79EFBC}") = "UnoEF.iOS", "UnoEF\UnoEF.iOS\UnoEF.iOS.csproj", "{7D4AF35E-BD1E-4675-8ECF-6BECCB97BE6E}"
EndProject
Project("{FAE04EC0-301F-11D3-BF4B-00C04F79EFBC}") = "UnoEF.UWP", "UnoEF\UnoEF.UWP\UnoEF.UWP.csproj", "{2AAAB1AA-762D-427F-A5B8-EB10CA9F790D}"
EndProject
Project("{FAE04EC0-301F-11D3-BF4B-00C04F79EFBC}") = "UnoEF.Wasm", "UnoEF\UnoEF.Wasm\UnoEF.Wasm.csproj", "{BD496D72-0E5C-4332-AD9E-A86C404BE73A}"
EndProject
Project("{FAE04EC0-301F-11D3-BF4B-00C04F79EFBC}") = "UnoEF.Data", "UnoEF.Data\UnoEF.Data.csproj", "{AA30B65E-791C-407A-87C2-6477B4958053}"
EndProject
Project("{FAE04EC0-301F-11D3-BF4B-00C04F79EFBC}") = "UnoEF.Console", "UnoEF.Console\UnoEF.Console.csproj", "{AA38A464-32D4-4F56-912A-F949094CADA7}"
EndProject
Global
	GlobalSection(SharedMSBuildProjectFiles) = preSolution
		UnoEF\UnoEF.Shared\UnoEF.Shared.projitems*{2aaab1aa-762d-427f-a5b8-eb10ca9f790d}*SharedItemsImports = 4
		UnoEF\UnoEF.Shared\UnoEF.Shared.projitems*{6279c845-92f8-4333-ab99-3d213163593c}*SharedItemsImports = 13
		UnoEF\UnoEF.Shared\UnoEF.Shared.projitems*{6b17274c-5e53-44a7-a852-eaade3bafd64}*SharedItemsImports = 4
		UnoEF\UnoEF.Shared\UnoEF.Shared.projitems*{7d4af35e-bd1e-4675-8ecf-6beccb97be6e}*SharedItemsImports = 4
		UnoEF\UnoEF.Shared\UnoEF.Shared.projitems*{bd496d72-0e5c-4332-ad9e-a86c404be73a}*SharedItemsImports = 5
	EndGlobalSection
	GlobalSection(SolutionConfigurationPlatforms) = preSolution
		Ad-Hoc|Any CPU = Ad-Hoc|Any CPU
		Ad-Hoc|ARM = Ad-Hoc|ARM
		Ad-Hoc|iPhone = Ad-Hoc|iPhone
		Ad-Hoc|iPhoneSimulator = Ad-Hoc|iPhoneSimulator
		Ad-Hoc|x64 = Ad-Hoc|x64
		Ad-Hoc|x86 = Ad-Hoc|x86
		AppStore|Any CPU = AppStore|Any CPU
		AppStore|ARM = AppStore|ARM
		AppStore|iPhone = AppStore|iPhone
		AppStore|iPhoneSimulator = AppStore|iPhoneSimulator
		AppStore|x64 = AppStore|x64
		AppStore|x86 = AppStore|x86
		Debug|Any CPU = Debug|Any CPU
		Debug|ARM = Debug|ARM
		Debug|iPhone = Debug|iPhone
		Debug|iPhoneSimulator = Debug|iPhoneSimulator
		Debug|x64 = Debug|x64
		Debug|x86 = Debug|x86
		Release|Any CPU = Release|Any CPU
		Release|ARM = Release|ARM
		Release|iPhone = Release|iPhone
		Release|iPhoneSimulator = Release|iPhoneSimulator
		Release|x64 = Release|x64
		Release|x86 = Release|x86
	EndGlobalSection
	GlobalSection(ProjectConfigurationPlatforms) = postSolution
		{6B17274C-5E53-44A7-A852-EAADE3BAFD64}.Ad-Hoc|Any CPU.ActiveCfg = Release|Any CPU
		{6B17274C-5E53-44A7-A852-EAADE3BAFD64}.Ad-Hoc|Any CPU.Build.0 = Release|Any CPU
		{6B17274C-5E53-44A7-A852-EAADE3BAFD64}.Ad-Hoc|Any CPU.Deploy.0 = Release|Any CPU
		{6B17274C-5E53-44A7-A852-EAADE3BAFD64}.Ad-Hoc|ARM.ActiveCfg = Release|Any CPU
		{6B17274C-5E53-44A7-A852-EAADE3BAFD64}.Ad-Hoc|ARM.Build.0 = Release|Any CPU
		{6B17274C-5E53-44A7-A852-EAADE3BAFD64}.Ad-Hoc|ARM.Deploy.0 = Release|Any CPU
		{6B17274C-5E53-44A7-A852-EAADE3BAFD64}.Ad-Hoc|iPhone.ActiveCfg = Release|Any CPU
		{6B17274C-5E53-44A7-A852-EAADE3BAFD64}.Ad-Hoc|iPhone.Build.0 = Release|Any CPU
		{6B17274C-5E53-44A7-A852-EAADE3BAFD64}.Ad-Hoc|iPhone.Deploy.0 = Release|Any CPU
		{6B17274C-5E53-44A7-A852-EAADE3BAFD64}.Ad-Hoc|iPhoneSimulator.ActiveCfg = Release|Any CPU
		{6B17274C-5E53-44A7-A852-EAADE3BAFD64}.Ad-Hoc|iPhoneSimulator.Build.0 = Release|Any CPU
		{6B17274C-5E53-44A7-A852-EAADE3BAFD64}.Ad-Hoc|iPhoneSimulator.Deploy.0 = Release|Any CPU
		{6B17274C-5E53-44A7-A852-EAADE3BAFD64}.Ad-Hoc|x64.ActiveCfg = Release|Any CPU
		{6B17274C-5E53-44A7-A852-EAADE3BAFD64}.Ad-Hoc|x64.Build.0 = Release|Any CPU
		{6B17274C-5E53-44A7-A852-EAADE3BAFD64}.Ad-Hoc|x64.Deploy.0 = Release|Any CPU
		{6B17274C-5E53-44A7-A852-EAADE3BAFD64}.Ad-Hoc|x86.ActiveCfg = Release|Any CPU
		{6B17274C-5E53-44A7-A852-EAADE3BAFD64}.Ad-Hoc|x86.Build.0 = Release|Any CPU
		{6B17274C-5E53-44A7-A852-EAADE3BAFD64}.Ad-Hoc|x86.Deploy.0 = Release|Any CPU
		{6B17274C-5E53-44A7-A852-EAADE3BAFD64}.AppStore|Any CPU.ActiveCfg = Release|Any CPU
		{6B17274C-5E53-44A7-A852-EAADE3BAFD64}.AppStore|Any CPU.Build.0 = Release|Any CPU
		{6B17274C-5E53-44A7-A852-EAADE3BAFD64}.AppStore|Any CPU.Deploy.0 = Release|Any CPU
		{6B17274C-5E53-44A7-A852-EAADE3BAFD64}.AppStore|ARM.ActiveCfg = Release|Any CPU
		{6B17274C-5E53-44A7-A852-EAADE3BAFD64}.AppStore|ARM.Build.0 = Release|Any CPU
		{6B17274C-5E53-44A7-A852-EAADE3BAFD64}.AppStore|ARM.Deploy.0 = Release|Any CPU
		{6B17274C-5E53-44A7-A852-EAADE3BAFD64}.AppStore|iPhone.ActiveCfg = Release|Any CPU
		{6B17274C-5E53-44A7-A852-EAADE3BAFD64}.AppStore|iPhone.Build.0 = Release|Any CPU
		{6B17274C-5E53-44A7-A852-EAADE3BAFD64}.AppStore|iPhone.Deploy.0 = Release|Any CPU
		{6B17274C-5E53-44A7-A852-EAADE3BAFD64}.AppStore|iPhoneSimulator.ActiveCfg = Release|Any CPU
		{6B17274C-5E53-44A7-A852-EAADE3BAFD64}.AppStore|iPhoneSimulator.Build.0 = Release|Any CPU
		{6B17274C-5E53-44A7-A852-EAADE3BAFD64}.AppStore|iPhoneSimulator.Deploy.0 = Release|Any CPU
		{6B17274C-5E53-44A7-A852-EAADE3BAFD64}.AppStore|x64.ActiveCfg = Release|Any CPU
		{6B17274C-5E53-44A7-A852-EAADE3BAFD64}.AppStore|x64.Build.0 = Release|Any CPU
		{6B17274C-5E53-44A7-A852-EAADE3BAFD64}.AppStore|x64.Deploy.0 = Release|Any CPU
		{6B17274C-5E53-44A7-A852-EAADE3BAFD64}.AppStore|x86.ActiveCfg = Release|Any CPU
		{6B17274C-5E53-44A7-A852-EAADE3BAFD64}.AppStore|x86.Build.0 = Release|Any CPU
		{6B17274C-5E53-44A7-A852-EAADE3BAFD64}.AppStore|x86.Deploy.0 = Release|Any CPU
		{6B17274C-5E53-44A7-A852-EAADE3BAFD64}.Debug|Any CPU.ActiveCfg = Debug|Any CPU
		{6B17274C-5E53-44A7-A852-EAADE3BAFD64}.Debug|Any CPU.Build.0 = Debug|Any CPU
		{6B17274C-5E53-44A7-A852-EAADE3BAFD64}.Debug|Any CPU.Deploy.0 = Debug|Any CPU
		{6B17274C-5E53-44A7-A852-EAADE3BAFD64}.Debug|ARM.ActiveCfg = Debug|Any CPU
		{6B17274C-5E53-44A7-A852-EAADE3BAFD64}.Debug|ARM.Build.0 = Debug|Any CPU
		{6B17274C-5E53-44A7-A852-EAADE3BAFD64}.Debug|ARM.Deploy.0 = Debug|Any CPU
		{6B17274C-5E53-44A7-A852-EAADE3BAFD64}.Debug|iPhone.ActiveCfg = Debug|Any CPU
		{6B17274C-5E53-44A7-A852-EAADE3BAFD64}.Debug|iPhone.Build.0 = Debug|Any CPU
		{6B17274C-5E53-44A7-A852-EAADE3BAFD64}.Debug|iPhone.Deploy.0 = Debug|Any CPU
		{6B17274C-5E53-44A7-A852-EAADE3BAFD64}.Debug|iPhoneSimulator.ActiveCfg = Debug|Any CPU
		{6B17274C-5E53-44A7-A852-EAADE3BAFD64}.Debug|iPhoneSimulator.Build.0 = Debug|Any CPU
		{6B17274C-5E53-44A7-A852-EAADE3BAFD64}.Debug|iPhoneSimulator.Deploy.0 = Debug|Any CPU
		{6B17274C-5E53-44A7-A852-EAADE3BAFD64}.Debug|x64.ActiveCfg = Debug|Any CPU
		{6B17274C-5E53-44A7-A852-EAADE3BAFD64}.Debug|x64.Build.0 = Debug|Any CPU
		{6B17274C-5E53-44A7-A852-EAADE3BAFD64}.Debug|x64.Deploy.0 = Debug|Any CPU
		{6B17274C-5E53-44A7-A852-EAADE3BAFD64}.Debug|x86.ActiveCfg = Debug|Any CPU
		{6B17274C-5E53-44A7-A852-EAADE3BAFD64}.Debug|x86.Build.0 = Debug|Any CPU
		{6B17274C-5E53-44A7-A852-EAADE3BAFD64}.Debug|x86.Deploy.0 = Debug|Any CPU
		{6B17274C-5E53-44A7-A852-EAADE3BAFD64}.Release|Any CPU.ActiveCfg = Release|Any CPU
		{6B17274C-5E53-44A7-A852-EAADE3BAFD64}.Release|Any CPU.Build.0 = Release|Any CPU
		{6B17274C-5E53-44A7-A852-EAADE3BAFD64}.Release|Any CPU.Deploy.0 = Release|Any CPU
		{6B17274C-5E53-44A7-A852-EAADE3BAFD64}.Release|ARM.ActiveCfg = Release|Any CPU
		{6B17274C-5E53-44A7-A852-EAADE3BAFD64}.Release|ARM.Build.0 = Release|Any CPU
		{6B17274C-5E53-44A7-A852-EAADE3BAFD64}.Release|ARM.Deploy.0 = Release|Any CPU
		{6B17274C-5E53-44A7-A852-EAADE3BAFD64}.Release|iPhone.ActiveCfg = Release|Any CPU
		{6B17274C-5E53-44A7-A852-EAADE3BAFD64}.Release|iPhone.Build.0 = Release|Any CPU
		{6B17274C-5E53-44A7-A852-EAADE3BAFD64}.Release|iPhone.Deploy.0 = Release|Any CPU
		{6B17274C-5E53-44A7-A852-EAADE3BAFD64}.Release|iPhoneSimulator.ActiveCfg = Release|Any CPU
		{6B17274C-5E53-44A7-A852-EAADE3BAFD64}.Release|iPhoneSimulator.Build.0 = Release|Any CPU
		{6B17274C-5E53-44A7-A852-EAADE3BAFD64}.Release|iPhoneSimulator.Deploy.0 = Release|Any CPU
		{6B17274C-5E53-44A7-A852-EAADE3BAFD64}.Release|x64.ActiveCfg = Release|Any CPU
		{6B17274C-5E53-44A7-A852-EAADE3BAFD64}.Release|x64.Build.0 = Release|Any CPU
		{6B17274C-5E53-44A7-A852-EAADE3BAFD64}.Release|x64.Deploy.0 = Release|Any CPU
		{6B17274C-5E53-44A7-A852-EAADE3BAFD64}.Release|x86.ActiveCfg = Release|Any CPU
		{6B17274C-5E53-44A7-A852-EAADE3BAFD64}.Release|x86.Build.0 = Release|Any CPU
		{6B17274C-5E53-44A7-A852-EAADE3BAFD64}.Release|x86.Deploy.0 = Release|Any CPU
		{7D4AF35E-BD1E-4675-8ECF-6BECCB97BE6E}.Ad-Hoc|Any CPU.ActiveCfg = Ad-Hoc|iPhone
		{7D4AF35E-BD1E-4675-8ECF-6BECCB97BE6E}.Ad-Hoc|ARM.ActiveCfg = Ad-Hoc|iPhone
		{7D4AF35E-BD1E-4675-8ECF-6BECCB97BE6E}.Ad-Hoc|iPhone.ActiveCfg = Ad-Hoc|iPhone
		{7D4AF35E-BD1E-4675-8ECF-6BECCB97BE6E}.Ad-Hoc|iPhone.Build.0 = Ad-Hoc|iPhone
		{7D4AF35E-BD1E-4675-8ECF-6BECCB97BE6E}.Ad-Hoc|iPhoneSimulator.ActiveCfg = Ad-Hoc|iPhoneSimulator
		{7D4AF35E-BD1E-4675-8ECF-6BECCB97BE6E}.Ad-Hoc|iPhoneSimulator.Build.0 = Ad-Hoc|iPhoneSimulator
		{7D4AF35E-BD1E-4675-8ECF-6BECCB97BE6E}.Ad-Hoc|x64.ActiveCfg = Ad-Hoc|iPhone
		{7D4AF35E-BD1E-4675-8ECF-6BECCB97BE6E}.Ad-Hoc|x86.ActiveCfg = Ad-Hoc|iPhone
		{7D4AF35E-BD1E-4675-8ECF-6BECCB97BE6E}.AppStore|Any CPU.ActiveCfg = AppStore|iPhone
		{7D4AF35E-BD1E-4675-8ECF-6BECCB97BE6E}.AppStore|ARM.ActiveCfg = AppStore|iPhone
		{7D4AF35E-BD1E-4675-8ECF-6BECCB97BE6E}.AppStore|iPhone.ActiveCfg = AppStore|iPhone
		{7D4AF35E-BD1E-4675-8ECF-6BECCB97BE6E}.AppStore|iPhone.Build.0 = AppStore|iPhone
		{7D4AF35E-BD1E-4675-8ECF-6BECCB97BE6E}.AppStore|iPhoneSimulator.ActiveCfg = AppStore|iPhoneSimulator
		{7D4AF35E-BD1E-4675-8ECF-6BECCB97BE6E}.AppStore|iPhoneSimulator.Build.0 = AppStore|iPhoneSimulator
		{7D4AF35E-BD1E-4675-8ECF-6BECCB97BE6E}.AppStore|x64.ActiveCfg = AppStore|iPhone
		{7D4AF35E-BD1E-4675-8ECF-6BECCB97BE6E}.AppStore|x86.ActiveCfg = AppStore|iPhone
		{7D4AF35E-BD1E-4675-8ECF-6BECCB97BE6E}.Debug|Any CPU.ActiveCfg = Debug|iPhone
		{7D4AF35E-BD1E-4675-8ECF-6BECCB97BE6E}.Debug|ARM.ActiveCfg = Debug|iPhone
		{7D4AF35E-BD1E-4675-8ECF-6BECCB97BE6E}.Debug|iPhone.ActiveCfg = Debug|iPhone
		{7D4AF35E-BD1E-4675-8ECF-6BECCB97BE6E}.Debug|iPhone.Build.0 = Debug|iPhone
		{7D4AF35E-BD1E-4675-8ECF-6BECCB97BE6E}.Debug|iPhoneSimulator.ActiveCfg = Debug|iPhoneSimulator
		{7D4AF35E-BD1E-4675-8ECF-6BECCB97BE6E}.Debug|iPhoneSimulator.Build.0 = Debug|iPhoneSimulator
		{7D4AF35E-BD1E-4675-8ECF-6BECCB97BE6E}.Debug|x64.ActiveCfg = Debug|iPhone
		{7D4AF35E-BD1E-4675-8ECF-6BECCB97BE6E}.Debug|x86.ActiveCfg = Debug|iPhone
		{7D4AF35E-BD1E-4675-8ECF-6BECCB97BE6E}.Release|Any CPU.ActiveCfg = Release|iPhone
		{7D4AF35E-BD1E-4675-8ECF-6BECCB97BE6E}.Release|ARM.ActiveCfg = Release|iPhone
		{7D4AF35E-BD1E-4675-8ECF-6BECCB97BE6E}.Release|iPhone.ActiveCfg = Release|iPhone
		{7D4AF35E-BD1E-4675-8ECF-6BECCB97BE6E}.Release|iPhone.Build.0 = Release|iPhone
		{7D4AF35E-BD1E-4675-8ECF-6BECCB97BE6E}.Release|iPhoneSimulator.ActiveCfg = Release|iPhoneSimulator
		{7D4AF35E-BD1E-4675-8ECF-6BECCB97BE6E}.Release|iPhoneSimulator.Build.0 = Release|iPhoneSimulator
		{7D4AF35E-BD1E-4675-8ECF-6BECCB97BE6E}.Release|x64.ActiveCfg = Release|iPhone
		{7D4AF35E-BD1E-4675-8ECF-6BECCB97BE6E}.Release|x86.ActiveCfg = Release|iPhone
		{2AAAB1AA-762D-427F-A5B8-EB10CA9F790D}.Ad-Hoc|Any CPU.ActiveCfg = Release|x64
		{2AAAB1AA-762D-427F-A5B8-EB10CA9F790D}.Ad-Hoc|Any CPU.Build.0 = Release|x64
		{2AAAB1AA-762D-427F-A5B8-EB10CA9F790D}.Ad-Hoc|Any CPU.Deploy.0 = Release|x64
		{2AAAB1AA-762D-427F-A5B8-EB10CA9F790D}.Ad-Hoc|ARM.ActiveCfg = Release|ARM
		{2AAAB1AA-762D-427F-A5B8-EB10CA9F790D}.Ad-Hoc|ARM.Build.0 = Release|ARM
		{2AAAB1AA-762D-427F-A5B8-EB10CA9F790D}.Ad-Hoc|ARM.Deploy.0 = Release|ARM
		{2AAAB1AA-762D-427F-A5B8-EB10CA9F790D}.Ad-Hoc|iPhone.ActiveCfg = Release|x64
		{2AAAB1AA-762D-427F-A5B8-EB10CA9F790D}.Ad-Hoc|iPhone.Build.0 = Release|x64
		{2AAAB1AA-762D-427F-A5B8-EB10CA9F790D}.Ad-Hoc|iPhone.Deploy.0 = Release|x64
		{2AAAB1AA-762D-427F-A5B8-EB10CA9F790D}.Ad-Hoc|iPhoneSimulator.ActiveCfg = Release|x64
		{2AAAB1AA-762D-427F-A5B8-EB10CA9F790D}.Ad-Hoc|iPhoneSimulator.Build.0 = Release|x64
		{2AAAB1AA-762D-427F-A5B8-EB10CA9F790D}.Ad-Hoc|iPhoneSimulator.Deploy.0 = Release|x64
		{2AAAB1AA-762D-427F-A5B8-EB10CA9F790D}.Ad-Hoc|x64.ActiveCfg = Release|x64
		{2AAAB1AA-762D-427F-A5B8-EB10CA9F790D}.Ad-Hoc|x64.Build.0 = Release|x64
		{2AAAB1AA-762D-427F-A5B8-EB10CA9F790D}.Ad-Hoc|x64.Deploy.0 = Release|x64
		{2AAAB1AA-762D-427F-A5B8-EB10CA9F790D}.Ad-Hoc|x86.ActiveCfg = Release|x86
		{2AAAB1AA-762D-427F-A5B8-EB10CA9F790D}.Ad-Hoc|x86.Build.0 = Release|x86
		{2AAAB1AA-762D-427F-A5B8-EB10CA9F790D}.Ad-Hoc|x86.Deploy.0 = Release|x86
		{2AAAB1AA-762D-427F-A5B8-EB10CA9F790D}.AppStore|Any CPU.ActiveCfg = Release|x64
		{2AAAB1AA-762D-427F-A5B8-EB10CA9F790D}.AppStore|Any CPU.Build.0 = Release|x64
		{2AAAB1AA-762D-427F-A5B8-EB10CA9F790D}.AppStore|Any CPU.Deploy.0 = Release|x64
		{2AAAB1AA-762D-427F-A5B8-EB10CA9F790D}.AppStore|ARM.ActiveCfg = Release|ARM
		{2AAAB1AA-762D-427F-A5B8-EB10CA9F790D}.AppStore|ARM.Build.0 = Release|ARM
		{2AAAB1AA-762D-427F-A5B8-EB10CA9F790D}.AppStore|ARM.Deploy.0 = Release|ARM
		{2AAAB1AA-762D-427F-A5B8-EB10CA9F790D}.AppStore|iPhone.ActiveCfg = Release|x64
		{2AAAB1AA-762D-427F-A5B8-EB10CA9F790D}.AppStore|iPhone.Build.0 = Release|x64
		{2AAAB1AA-762D-427F-A5B8-EB10CA9F790D}.AppStore|iPhone.Deploy.0 = Release|x64
		{2AAAB1AA-762D-427F-A5B8-EB10CA9F790D}.AppStore|iPhoneSimulator.ActiveCfg = Release|x64
		{2AAAB1AA-762D-427F-A5B8-EB10CA9F790D}.AppStore|iPhoneSimulator.Build.0 = Release|x64
		{2AAAB1AA-762D-427F-A5B8-EB10CA9F790D}.AppStore|iPhoneSimulator.Deploy.0 = Release|x64
		{2AAAB1AA-762D-427F-A5B8-EB10CA9F790D}.AppStore|x64.ActiveCfg = Release|x64
		{2AAAB1AA-762D-427F-A5B8-EB10CA9F790D}.AppStore|x64.Build.0 = Release|x64
		{2AAAB1AA-762D-427F-A5B8-EB10CA9F790D}.AppStore|x64.Deploy.0 = Release|x64
		{2AAAB1AA-762D-427F-A5B8-EB10CA9F790D}.AppStore|x86.ActiveCfg = Release|x86
		{2AAAB1AA-762D-427F-A5B8-EB10CA9F790D}.AppStore|x86.Build.0 = Release|x86
		{2AAAB1AA-762D-427F-A5B8-EB10CA9F790D}.AppStore|x86.Deploy.0 = Release|x86
		{2AAAB1AA-762D-427F-A5B8-EB10CA9F790D}.Debug|Any CPU.ActiveCfg = Debug|x86
		{2AAAB1AA-762D-427F-A5B8-EB10CA9F790D}.Debug|ARM.ActiveCfg = Debug|ARM
		{2AAAB1AA-762D-427F-A5B8-EB10CA9F790D}.Debug|ARM.Build.0 = Debug|ARM
		{2AAAB1AA-762D-427F-A5B8-EB10CA9F790D}.Debug|ARM.Deploy.0 = Debug|ARM
		{2AAAB1AA-762D-427F-A5B8-EB10CA9F790D}.Debug|iPhone.ActiveCfg = Debug|x86
		{2AAAB1AA-762D-427F-A5B8-EB10CA9F790D}.Debug|iPhoneSimulator.ActiveCfg = Debug|x86
		{2AAAB1AA-762D-427F-A5B8-EB10CA9F790D}.Debug|x64.ActiveCfg = Debug|x64
		{2AAAB1AA-762D-427F-A5B8-EB10CA9F790D}.Debug|x64.Build.0 = Debug|x64
		{2AAAB1AA-762D-427F-A5B8-EB10CA9F790D}.Debug|x64.Deploy.0 = Debug|x64
		{2AAAB1AA-762D-427F-A5B8-EB10CA9F790D}.Debug|x86.ActiveCfg = Debug|x86
		{2AAAB1AA-762D-427F-A5B8-EB10CA9F790D}.Debug|x86.Build.0 = Debug|x86
		{2AAAB1AA-762D-427F-A5B8-EB10CA9F790D}.Debug|x86.Deploy.0 = Debug|x86
		{2AAAB1AA-762D-427F-A5B8-EB10CA9F790D}.Release|Any CPU.ActiveCfg = Release|x86
		{2AAAB1AA-762D-427F-A5B8-EB10CA9F790D}.Release|ARM.ActiveCfg = Release|ARM
		{2AAAB1AA-762D-427F-A5B8-EB10CA9F790D}.Release|ARM.Build.0 = Release|ARM
		{2AAAB1AA-762D-427F-A5B8-EB10CA9F790D}.Release|ARM.Deploy.0 = Release|ARM
		{2AAAB1AA-762D-427F-A5B8-EB10CA9F790D}.Release|iPhone.ActiveCfg = Release|x86
		{2AAAB1AA-762D-427F-A5B8-EB10CA9F790D}.Release|iPhoneSimulator.ActiveCfg = Release|x86
		{2AAAB1AA-762D-427F-A5B8-EB10CA9F790D}.Release|x64.ActiveCfg = Release|x64
		{2AAAB1AA-762D-427F-A5B8-EB10CA9F790D}.Release|x64.Build.0 = Release|x64
		{2AAAB1AA-762D-427F-A5B8-EB10CA9F790D}.Release|x64.Deploy.0 = Release|x64
		{2AAAB1AA-762D-427F-A5B8-EB10CA9F790D}.Release|x86.ActiveCfg = Release|x86
		{2AAAB1AA-762D-427F-A5B8-EB10CA9F790D}.Release|x86.Build.0 = Release|x86
		{2AAAB1AA-762D-427F-A5B8-EB10CA9F790D}.Release|x86.Deploy.0 = Release|x86
		{BD496D72-0E5C-4332-AD9E-A86C404BE73A}.Ad-Hoc|Any CPU.ActiveCfg = Debug|Any CPU
		{BD496D72-0E5C-4332-AD9E-A86C404BE73A}.Ad-Hoc|Any CPU.Build.0 = Debug|Any CPU
		{BD496D72-0E5C-4332-AD9E-A86C404BE73A}.Ad-Hoc|ARM.ActiveCfg = Debug|Any CPU
		{BD496D72-0E5C-4332-AD9E-A86C404BE73A}.Ad-Hoc|ARM.Build.0 = Debug|Any CPU
		{BD496D72-0E5C-4332-AD9E-A86C404BE73A}.Ad-Hoc|iPhone.ActiveCfg = Debug|Any CPU
		{BD496D72-0E5C-4332-AD9E-A86C404BE73A}.Ad-Hoc|iPhone.Build.0 = Debug|Any CPU
		{BD496D72-0E5C-4332-AD9E-A86C404BE73A}.Ad-Hoc|iPhoneSimulator.ActiveCfg = Debug|Any CPU
		{BD496D72-0E5C-4332-AD9E-A86C404BE73A}.Ad-Hoc|iPhoneSimulator.Build.0 = Debug|Any CPU
		{BD496D72-0E5C-4332-AD9E-A86C404BE73A}.Ad-Hoc|x64.ActiveCfg = Debug|Any CPU
		{BD496D72-0E5C-4332-AD9E-A86C404BE73A}.Ad-Hoc|x64.Build.0 = Debug|Any CPU
		{BD496D72-0E5C-4332-AD9E-A86C404BE73A}.Ad-Hoc|x86.ActiveCfg = Debug|Any CPU
		{BD496D72-0E5C-4332-AD9E-A86C404BE73A}.Ad-Hoc|x86.Build.0 = Debug|Any CPU
		{BD496D72-0E5C-4332-AD9E-A86C404BE73A}.AppStore|Any CPU.ActiveCfg = Debug|Any CPU
		{BD496D72-0E5C-4332-AD9E-A86C404BE73A}.AppStore|Any CPU.Build.0 = Debug|Any CPU
		{BD496D72-0E5C-4332-AD9E-A86C404BE73A}.AppStore|ARM.ActiveCfg = Debug|Any CPU
		{BD496D72-0E5C-4332-AD9E-A86C404BE73A}.AppStore|ARM.Build.0 = Debug|Any CPU
		{BD496D72-0E5C-4332-AD9E-A86C404BE73A}.AppStore|iPhone.ActiveCfg = Debug|Any CPU
		{BD496D72-0E5C-4332-AD9E-A86C404BE73A}.AppStore|iPhone.Build.0 = Debug|Any CPU
		{BD496D72-0E5C-4332-AD9E-A86C404BE73A}.AppStore|iPhoneSimulator.ActiveCfg = Debug|Any CPU
		{BD496D72-0E5C-4332-AD9E-A86C404BE73A}.AppStore|iPhoneSimulator.Build.0 = Debug|Any CPU
		{BD496D72-0E5C-4332-AD9E-A86C404BE73A}.AppStore|x64.ActiveCfg = Debug|Any CPU
		{BD496D72-0E5C-4332-AD9E-A86C404BE73A}.AppStore|x64.Build.0 = Debug|Any CPU
		{BD496D72-0E5C-4332-AD9E-A86C404BE73A}.AppStore|x86.ActiveCfg = Debug|Any CPU
		{BD496D72-0E5C-4332-AD9E-A86C404BE73A}.AppStore|x86.Build.0 = Debug|Any CPU
		{BD496D72-0E5C-4332-AD9E-A86C404BE73A}.Debug|Any CPU.ActiveCfg = Debug|Any CPU
		{BD496D72-0E5C-4332-AD9E-A86C404BE73A}.Debug|Any CPU.Build.0 = Debug|Any CPU
		{BD496D72-0E5C-4332-AD9E-A86C404BE73A}.Debug|ARM.ActiveCfg = Debug|Any CPU
		{BD496D72-0E5C-4332-AD9E-A86C404BE73A}.Debug|ARM.Build.0 = Debug|Any CPU
		{BD496D72-0E5C-4332-AD9E-A86C404BE73A}.Debug|iPhone.ActiveCfg = Debug|Any CPU
		{BD496D72-0E5C-4332-AD9E-A86C404BE73A}.Debug|iPhone.Build.0 = Debug|Any CPU
		{BD496D72-0E5C-4332-AD9E-A86C404BE73A}.Debug|iPhoneSimulator.ActiveCfg = Debug|Any CPU
		{BD496D72-0E5C-4332-AD9E-A86C404BE73A}.Debug|iPhoneSimulator.Build.0 = Debug|Any CPU
		{BD496D72-0E5C-4332-AD9E-A86C404BE73A}.Debug|x64.ActiveCfg = Debug|Any CPU
		{BD496D72-0E5C-4332-AD9E-A86C404BE73A}.Debug|x64.Build.0 = Debug|Any CPU
		{BD496D72-0E5C-4332-AD9E-A86C404BE73A}.Debug|x86.ActiveCfg = Debug|Any CPU
		{BD496D72-0E5C-4332-AD9E-A86C404BE73A}.Debug|x86.Build.0 = Debug|Any CPU
		{BD496D72-0E5C-4332-AD9E-A86C404BE73A}.Release|Any CPU.ActiveCfg = Release|Any CPU
		{BD496D72-0E5C-4332-AD9E-A86C404BE73A}.Release|Any CPU.Build.0 = Release|Any CPU
		{BD496D72-0E5C-4332-AD9E-A86C404BE73A}.Release|ARM.ActiveCfg = Release|Any CPU
		{BD496D72-0E5C-4332-AD9E-A86C404BE73A}.Release|ARM.Build.0 = Release|Any CPU
		{BD496D72-0E5C-4332-AD9E-A86C404BE73A}.Release|iPhone.ActiveCfg = Release|Any CPU
		{BD496D72-0E5C-4332-AD9E-A86C404BE73A}.Release|iPhone.Build.0 = Release|Any CPU
		{BD496D72-0E5C-4332-AD9E-A86C404BE73A}.Release|iPhoneSimulator.ActiveCfg = Release|Any CPU
		{BD496D72-0E5C-4332-AD9E-A86C404BE73A}.Release|iPhoneSimulator.Build.0 = Release|Any CPU
		{BD496D72-0E5C-4332-AD9E-A86C404BE73A}.Release|x64.ActiveCfg = Release|Any CPU
		{BD496D72-0E5C-4332-AD9E-A86C404BE73A}.Release|x64.Build.0 = Release|Any CPU
		{BD496D72-0E5C-4332-AD9E-A86C404BE73A}.Release|x86.ActiveCfg = Release|Any CPU
		{BD496D72-0E5C-4332-AD9E-A86C404BE73A}.Release|x86.Build.0 = Release|Any CPU
		{AA30B65E-791C-407A-87C2-6477B4958053}.Ad-Hoc|Any CPU.ActiveCfg = Debug|Any CPU
		{AA30B65E-791C-407A-87C2-6477B4958053}.Ad-Hoc|Any CPU.Build.0 = Debug|Any CPU
		{AA30B65E-791C-407A-87C2-6477B4958053}.Ad-Hoc|ARM.ActiveCfg = Debug|Any CPU
		{AA30B65E-791C-407A-87C2-6477B4958053}.Ad-Hoc|ARM.Build.0 = Debug|Any CPU
		{AA30B65E-791C-407A-87C2-6477B4958053}.Ad-Hoc|iPhone.ActiveCfg = Debug|Any CPU
		{AA30B65E-791C-407A-87C2-6477B4958053}.Ad-Hoc|iPhone.Build.0 = Debug|Any CPU
		{AA30B65E-791C-407A-87C2-6477B4958053}.Ad-Hoc|iPhoneSimulator.ActiveCfg = Debug|Any CPU
		{AA30B65E-791C-407A-87C2-6477B4958053}.Ad-Hoc|iPhoneSimulator.Build.0 = Debug|Any CPU
		{AA30B65E-791C-407A-87C2-6477B4958053}.Ad-Hoc|x64.ActiveCfg = Debug|Any CPU
		{AA30B65E-791C-407A-87C2-6477B4958053}.Ad-Hoc|x64.Build.0 = Debug|Any CPU
		{AA30B65E-791C-407A-87C2-6477B4958053}.Ad-Hoc|x86.ActiveCfg = Debug|Any CPU
		{AA30B65E-791C-407A-87C2-6477B4958053}.Ad-Hoc|x86.Build.0 = Debug|Any CPU
		{AA30B65E-791C-407A-87C2-6477B4958053}.AppStore|Any CPU.ActiveCfg = Debug|Any CPU
		{AA30B65E-791C-407A-87C2-6477B4958053}.AppStore|Any CPU.Build.0 = Debug|Any CPU
		{AA30B65E-791C-407A-87C2-6477B4958053}.AppStore|ARM.ActiveCfg = Debug|Any CPU
		{AA30B65E-791C-407A-87C2-6477B4958053}.AppStore|ARM.Build.0 = Debug|Any CPU
		{AA30B65E-791C-407A-87C2-6477B4958053}.AppStore|iPhone.ActiveCfg = Debug|Any CPU
		{AA30B65E-791C-407A-87C2-6477B4958053}.AppStore|iPhone.Build.0 = Debug|Any CPU
		{AA30B65E-791C-407A-87C2-6477B4958053}.AppStore|iPhoneSimulator.ActiveCfg = Debug|Any CPU
		{AA30B65E-791C-407A-87C2-6477B4958053}.AppStore|iPhoneSimulator.Build.0 = Debug|Any CPU
		{AA30B65E-791C-407A-87C2-6477B4958053}.AppStore|x64.ActiveCfg = Debug|Any CPU
		{AA30B65E-791C-407A-87C2-6477B4958053}.AppStore|x64.Build.0 = Debug|Any CPU
		{AA30B65E-791C-407A-87C2-6477B4958053}.AppStore|x86.ActiveCfg = Debug|Any CPU
		{AA30B65E-791C-407A-87C2-6477B4958053}.AppStore|x86.Build.0 = Debug|Any CPU
		{AA30B65E-791C-407A-87C2-6477B4958053}.Debug|Any CPU.ActiveCfg = Debug|Any CPU
		{AA30B65E-791C-407A-87C2-6477B4958053}.Debug|Any CPU.Build.0 = Debug|Any CPU
		{AA30B65E-791C-407A-87C2-6477B4958053}.Debug|ARM.ActiveCfg = Debug|Any CPU
		{AA30B65E-791C-407A-87C2-6477B4958053}.Debug|ARM.Build.0 = Debug|Any CPU
		{AA30B65E-791C-407A-87C2-6477B4958053}.Debug|iPhone.ActiveCfg = Debug|Any CPU
		{AA30B65E-791C-407A-87C2-6477B4958053}.Debug|iPhone.Build.0 = Debug|Any CPU
		{AA30B65E-791C-407A-87C2-6477B4958053}.Debug|iPhoneSimulator.ActiveCfg = Debug|Any CPU
		{AA30B65E-791C-407A-87C2-6477B4958053}.Debug|iPhoneSimulator.Build.0 = Debug|Any CPU
		{AA30B65E-791C-407A-87C2-6477B4958053}.Debug|x64.ActiveCfg = Debug|Any CPU
		{AA30B65E-791C-407A-87C2-6477B4958053}.Debug|x64.Build.0 = Debug|Any CPU
		{AA30B65E-791C-407A-87C2-6477B4958053}.Debug|x86.ActiveCfg = Debug|Any CPU
		{AA30B65E-791C-407A-87C2-6477B4958053}.Debug|x86.Build.0 = Debug|Any CPU
		{AA30B65E-791C-407A-87C2-6477B4958053}.Release|Any CPU.ActiveCfg = Release|Any CPU
		{AA30B65E-791C-407A-87C2-6477B4958053}.Release|Any CPU.Build.0 = Release|Any CPU
		{AA30B65E-791C-407A-87C2-6477B4958053}.Release|ARM.ActiveCfg = Release|Any CPU
		{AA30B65E-791C-407A-87C2-6477B4958053}.Release|ARM.Build.0 = Release|Any CPU
		{AA30B65E-791C-407A-87C2-6477B4958053}.Release|iPhone.ActiveCfg = Release|Any CPU
		{AA30B65E-791C-407A-87C2-6477B4958053}.Release|iPhone.Build.0 = Release|Any CPU
		{AA30B65E-791C-407A-87C2-6477B4958053}.Release|iPhoneSimulator.ActiveCfg = Release|Any CPU
		{AA30B65E-791C-407A-87C2-6477B4958053}.Release|iPhoneSimulator.Build.0 = Release|Any CPU
		{AA30B65E-791C-407A-87C2-6477B4958053}.Release|x64.ActiveCfg = Release|Any CPU
		{AA30B65E-791C-407A-87C2-6477B4958053}.Release|x64.Build.0 = Release|Any CPU
		{AA30B65E-791C-407A-87C2-6477B4958053}.Release|x86.ActiveCfg = Release|Any CPU
		{AA30B65E-791C-407A-87C2-6477B4958053}.Release|x86.Build.0 = Release|Any CPU
		{AA38A464-32D4-4F56-912A-F949094CADA7}.Ad-Hoc|Any CPU.ActiveCfg = Debug|Any CPU
		{AA38A464-32D4-4F56-912A-F949094CADA7}.Ad-Hoc|Any CPU.Build.0 = Debug|Any CPU
		{AA38A464-32D4-4F56-912A-F949094CADA7}.Ad-Hoc|ARM.ActiveCfg = Debug|Any CPU
		{AA38A464-32D4-4F56-912A-F949094CADA7}.Ad-Hoc|ARM.Build.0 = Debug|Any CPU
		{AA38A464-32D4-4F56-912A-F949094CADA7}.Ad-Hoc|iPhone.ActiveCfg = Debug|Any CPU
		{AA38A464-32D4-4F56-912A-F949094CADA7}.Ad-Hoc|iPhone.Build.0 = Debug|Any CPU
		{AA38A464-32D4-4F56-912A-F949094CADA7}.Ad-Hoc|iPhoneSimulator.ActiveCfg = Debug|Any CPU
		{AA38A464-32D4-4F56-912A-F949094CADA7}.Ad-Hoc|iPhoneSimulator.Build.0 = Debug|Any CPU
		{AA38A464-32D4-4F56-912A-F949094CADA7}.Ad-Hoc|x64.ActiveCfg = Debug|Any CPU
		{AA38A464-32D4-4F56-912A-F949094CADA7}.Ad-Hoc|x64.Build.0 = Debug|Any CPU
		{AA38A464-32D4-4F56-912A-F949094CADA7}.Ad-Hoc|x86.ActiveCfg = Debug|Any CPU
		{AA38A464-32D4-4F56-912A-F949094CADA7}.Ad-Hoc|x86.Build.0 = Debug|Any CPU
		{AA38A464-32D4-4F56-912A-F949094CADA7}.AppStore|Any CPU.ActiveCfg = Debug|Any CPU
		{AA38A464-32D4-4F56-912A-F949094CADA7}.AppStore|Any CPU.Build.0 = Debug|Any CPU
		{AA38A464-32D4-4F56-912A-F949094CADA7}.AppStore|ARM.ActiveCfg = Debug|Any CPU
		{AA38A464-32D4-4F56-912A-F949094CADA7}.AppStore|ARM.Build.0 = Debug|Any CPU
		{AA38A464-32D4-4F56-912A-F949094CADA7}.AppStore|iPhone.ActiveCfg = Debug|Any CPU
		{AA38A464-32D4-4F56-912A-F949094CADA7}.AppStore|iPhone.Build.0 = Debug|Any CPU
		{AA38A464-32D4-4F56-912A-F949094CADA7}.AppStore|iPhoneSimulator.ActiveCfg = Debug|Any CPU
		{AA38A464-32D4-4F56-912A-F949094CADA7}.AppStore|iPhoneSimulator.Build.0 = Debug|Any CPU
		{AA38A464-32D4-4F56-912A-F949094CADA7}.AppStore|x64.ActiveCfg = Debug|Any CPU
		{AA38A464-32D4-4F56-912A-F949094CADA7}.AppStore|x64.Build.0 = Debug|Any CPU
		{AA38A464-32D4-4F56-912A-F949094CADA7}.AppStore|x86.ActiveCfg = Debug|Any CPU
		{AA38A464-32D4-4F56-912A-F949094CADA7}.AppStore|x86.Build.0 = Debug|Any CPU
		{AA38A464-32D4-4F56-912A-F949094CADA7}.Debug|Any CPU.ActiveCfg = Debug|Any CPU
		{AA38A464-32D4-4F56-912A-F949094CADA7}.Debug|Any CPU.Build.0 = Debug|Any CPU
		{AA38A464-32D4-4F56-912A-F949094CADA7}.Debug|ARM.ActiveCfg = Debug|Any CPU
		{AA38A464-32D4-4F56-912A-F949094CADA7}.Debug|ARM.Build.0 = Debug|Any CPU
		{AA38A464-32D4-4F56-912A-F949094CADA7}.Debug|iPhone.ActiveCfg = Debug|Any CPU
		{AA38A464-32D4-4F56-912A-F949094CADA7}.Debug|iPhone.Build.0 = Debug|Any CPU
		{AA38A464-32D4-4F56-912A-F949094CADA7}.Debug|iPhoneSimulator.ActiveCfg = Debug|Any CPU
		{AA38A464-32D4-4F56-912A-F949094CADA7}.Debug|iPhoneSimulator.Build.0 = Debug|Any CPU
		{AA38A464-32D4-4F56-912A-F949094CADA7}.Debug|x64.ActiveCfg = Debug|Any CPU
		{AA38A464-32D4-4F56-912A-F949094CADA7}.Debug|x64.Build.0 = Debug|Any CPU
		{AA38A464-32D4-4F56-912A-F949094CADA7}.Debug|x86.ActiveCfg = Debug|Any CPU
		{AA38A464-32D4-4F56-912A-F949094CADA7}.Debug|x86.Build.0 = Debug|Any CPU
		{AA38A464-32D4-4F56-912A-F949094CADA7}.Release|Any CPU.ActiveCfg = Release|Any CPU
		{AA38A464-32D4-4F56-912A-F949094CADA7}.Release|Any CPU.Build.0 = Release|Any CPU
		{AA38A464-32D4-4F56-912A-F949094CADA7}.Release|ARM.ActiveCfg = Release|Any CPU
		{AA38A464-32D4-4F56-912A-F949094CADA7}.Release|ARM.Build.0 = Release|Any CPU
		{AA38A464-32D4-4F56-912A-F949094CADA7}.Release|iPhone.ActiveCfg = Release|Any CPU
		{AA38A464-32D4-4F56-912A-F949094CADA7}.Release|iPhone.Build.0 = Release|Any CPU
		{AA38A464-32D4-4F56-912A-F949094CADA7}.Release|iPhoneSimulator.ActiveCfg = Release|Any CPU
		{AA38A464-32D4-4F56-912A-F949094CADA7}.Release|iPhoneSimulator.Build.0 = Release|Any CPU
		{AA38A464-32D4-4F56-912A-F949094CADA7}.Release|x64.ActiveCfg = Release|Any CPU
		{AA38A464-32D4-4F56-912A-F949094CADA7}.Release|x64.Build.0 = Release|Any CPU
		{AA38A464-32D4-4F56-912A-F949094CADA7}.Release|x86.ActiveCfg = Release|Any CPU
		{AA38A464-32D4-4F56-912A-F949094CADA7}.Release|x86.Build.0 = Release|Any CPU
	EndGlobalSection
	GlobalSection(SolutionProperties) = preSolution
		HideSolutionNode = FALSE
	EndGlobalSection
	GlobalSection(ExtensibilityGlobals) = postSolution
		SolutionGuid = {1A4A5BA9-B3D3-4630-A7B7-3AE3FF977697}
	EndGlobalSection
EndGlobal
